
Microsoft Visual Studio Solution File, Format Version 12.00
# Visual Studio Version 16
VisualStudioVersion = 16.0.29613.14
MinimumVisualStudioVersion = 10.0.40219.1
Project("{9A19103F-16F7-4668-BE54-9A1E7A4F7556}") = "BookShelvz.Data", "BookShelvz.Data\BookShelvz.Data.csproj", "{195171CE-4023-4B00-A051-E5DEA8E1D8EA}"
EndProject
Project("{9A19103F-16F7-4668-BE54-9A1E7A4F7556}") = "BookShelvz.Domain", "BookShelvz.Domain\BookShelvz.Domain.csproj", "{16D39321-A67F-414D-9975-0FBE76728A06}"
EndProject
Project("{9A19103F-16F7-4668-BE54-9A1E7A4F7556}") = "BookShelvz.App", "BookShelvz.App\BookShelvz.App.csproj", "{CC452C65-148D-44C2-A930-4BE2FFC8650A}"
EndProject
Project("{FAE04EC0-301F-11D3-BF4B-00C04F79EFBC}") = "BookShelvz.Web", "BookShelvz.Web\BookShelvz.Web.csproj", "{4C4CAEB7-E3CE-41D1-B02D-1E47FA18254D}"
EndProject
Global
	GlobalSection(SolutionConfigurationPlatforms) = preSolution
		Debug|Any CPU = Debug|Any CPU
		Release|Any CPU = Release|Any CPU
	EndGlobalSection
	GlobalSection(ProjectConfigurationPlatforms) = postSolution
		{195171CE-4023-4B00-A051-E5DEA8E1D8EA}.Debug|Any CPU.ActiveCfg = Debug|Any CPU
		{195171CE-4023-4B00-A051-E5DEA8E1D8EA}.Debug|Any CPU.Build.0 = Debug|Any CPU
		{195171CE-4023-4B00-A051-E5DEA8E1D8EA}.Release|Any CPU.ActiveCfg = Release|Any CPU
		{195171CE-4023-4B00-A051-E5DEA8E1D8EA}.Release|Any CPU.Build.0 = Release|Any CPU
		{16D39321-A67F-414D-9975-0FBE76728A06}.Debug|Any CPU.ActiveCfg = Debug|Any CPU
		{16D39321-A67F-414D-9975-0FBE76728A06}.Debug|Any CPU.Build.0 = Debug|Any CPU
		{16D39321-A67F-414D-9975-0FBE76728A06}.Release|Any CPU.ActiveCfg = Release|Any CPU
		{16D39321-A67F-414D-9975-0FBE76728A06}.Release|Any CPU.Build.0 = Release|Any CPU
		{CC452C65-148D-44C2-A930-4BE2FFC8650A}.Debug|Any CPU.ActiveCfg = Debug|Any CPU
		{CC452C65-148D-44C2-A930-4BE2FFC8650A}.Debug|Any CPU.Build.0 = Debug|Any CPU
		{CC452C65-148D-44C2-A930-4BE2FFC8650A}.Release|Any CPU.ActiveCfg = Release|Any CPU
		{CC452C65-148D-44C2-A930-4BE2FFC8650A}.Release|Any CPU.Build.0 = Release|Any CPU
		{4C4CAEB7-E3CE-41D1-B02D-1E47FA18254D}.Debug|Any CPU.ActiveCfg = Debug|Any CPU
		{4C4CAEB7-E3CE-41D1-B02D-1E47FA18254D}.Debug|Any CPU.Build.0 = Debug|Any CPU
		{4C4CAEB7-E3CE-41D1-B02D-1E47FA18254D}.Release|Any CPU.ActiveCfg = Release|Any CPU
		{4C4CAEB7-E3CE-41D1-B02D-1E47FA18254D}.Release|Any CPU.Build.0 = Release|Any CPU
	EndGlobalSection
	GlobalSection(SolutionProperties) = preSolution
		HideSolutionNode = FALSE
	EndGlobalSection
	GlobalSection(ExtensibilityGlobals) = postSolution
		SolutionGuid = {35280EB2-77F2-4F0F-9A76-B7CDB9392475}
	EndGlobalSection
EndGlobal
